Microsoft Visual Studio Solution File, Format Version 12.00
# Visual Studio 15
VisualStudioVersion = 15.0.26124.0
MinimumVisualStudioVersion = 15.0.26124.0
Project("{9A19103F-16F7-4668-BE54-9A1E7A4F7556}") = "ServiceHub.Batch.Context", "ServiceHub.Batch.Context\ServiceHub.Batch.Context.csproj", "{47B2EEF2-66A2-42D0-868C-260C446D31C0}"
EndProject
Project("{9A19103F-16F7-4668-BE54-9A1E7A4F7556}") = "ServiceHub.Batch.Library", "ServiceHub.Batch.Library\ServiceHub.Batch.Library.csproj", "{AABF1991-CBC4-435C-8BB2-49871F2EAFAA}"
EndProject
Project("{9A19103F-16F7-4668-BE54-9A1E7A4F7556}") = "ServiceHub.Batch.Service", "ServiceHub.Batch.Service\ServiceHub.Batch.Service.csproj", "{BA4121EA-D75A-4FC3-B3A4-D8554D10CC9E}"
EndProject
Project("{9A19103F-16F7-4668-BE54-9A1E7A4F7556}") = "ServiceHub.Batch.Testing", "ServiceHub.Batch.Testing\ServiceHub.Batch.Testing.csproj", "{F4AD3B29-65AA-44AB-8629-4B8EB488257B}"
EndProject
Global
	GlobalSection(SolutionConfigurationPlatforms) = preSolution
		Debug|Any CPU = Debug|Any CPU
		Debug|x64 = Debug|x64
		Debug|x86 = Debug|x86
		Release|Any CPU = Release|Any CPU
		Release|x64 = Release|x64
		Release|x86 = Release|x86
	EndGlobalSection
	GlobalSection(ProjectConfigurationPlatforms) = postSolution
		{47B2EEF2-66A2-42D0-868C-260C446D31C0}.Debug|Any CPU.ActiveCfg = Debug|Any CPU
		{47B2EEF2-66A2-42D0-868C-260C446D31C0}.Debug|Any CPU.Build.0 = Debug|Any CPU
		{47B2EEF2-66A2-42D0-868C-260C446D31C0}.Debug|x64.ActiveCfg = Debug|Any CPU
		{47B2EEF2-66A2-42D0-868C-260C446D31C0}.Debug|x64.Build.0 = Debug|Any CPU
		{47B2EEF2-66A2-42D0-868C-260C446D31C0}.Debug|x86.ActiveCfg = Debug|Any CPU
		{47B2EEF2-66A2-42D0-868C-260C446D31C0}.Debug|x86.Build.0 = Debug|Any CPU
		{47B2EEF2-66A2-42D0-868C-260C446D31C0}.Release|Any CPU.ActiveCfg = Release|Any CPU
		{47B2EEF2-66A2-42D0-868C-260C446D31C0}.Release|Any CPU.Build.0 = Release|Any CPU
		{47B2EEF2-66A2-42D0-868C-260C446D31C0}.Release|x64.ActiveCfg = Release|Any CPU
		{47B2EEF2-66A2-42D0-868C-260C446D31C0}.Release|x64.Build.0 = Release|Any CPU
		{47B2EEF2-66A2-42D0-868C-260C446D31C0}.Release|x86.ActiveCfg = Release|Any CPU
		{47B2EEF2-66A2-42D0-868C-260C446D31C0}.Release|x86.Build.0 = Release|Any CPU
		{AABF1991-CBC4-435C-8BB2-49871F2EAFAA}.Debug|Any CPU.ActiveCfg = Debug|Any CPU
		{AABF1991-CBC4-435C-8BB2-49871F2EAFAA}.Debug|Any CPU.Build.0 = Debug|Any CPU
		{AABF1991-CBC4-435C-8BB2-49871F2EAFAA}.Debug|x64.ActiveCfg = Debug|Any CPU
		{AABF1991-CBC4-435C-8BB2-49871F2EAFAA}.Debug|x64.Build.0 = Debug|Any CPU
		{AABF1991-CBC4-435C-8BB2-49871F2EAFAA}.Debug|x86.ActiveCfg = Debug|Any CPU
		{AABF1991-CBC4-435C-8BB2-49871F2EAFAA}.Debug|x86.Build.0 = Debug|Any CPU
		{AABF1991-CBC4-435C-8BB2-49871F2EAFAA}.Release|Any CPU.ActiveCfg = Release|Any CPU
		{AABF1991-CBC4-435C-8BB2-49871F2EAFAA}.Release|Any CPU.Build.0 = Release|Any CPU
		{AABF1991-CBC4-435C-8BB2-49871F2EAFAA}.Release|x64.ActiveCfg = Release|Any CPU
		{AABF1991-CBC4-435C-8BB2-49871F2EAFAA}.Release|x64.Build.0 = Release|Any CPU
		{AABF1991-CBC4-435C-8BB2-49871F2EAFAA}.Release|x86.ActiveCfg = Release|Any CPU
		{AABF1991-CBC4-435C-8BB2-49871F2EAFAA}.Release|x86.Build.0 = Release|Any CPU
		{BA4121EA-D75A-4FC3-B3A4-D8554D10CC9E}.Debug|Any CPU.ActiveCfg = Debug|Any CPU
		{BA4121EA-D75A-4FC3-B3A4-D8554D10CC9E}.Debug|Any CPU.Build.0 = Debug|Any CPU
		{BA4121EA-D75A-4FC3-B3A4-D8554D10CC9E}.Debug|x64.ActiveCfg = Debug|Any CPU
		{BA4121EA-D75A-4FC3-B3A4-D8554D10CC9E}.Debug|x64.Build.0 = Debug|Any CPU
		{BA4121EA-D75A-4FC3-B3A4-D8554D10CC9E}.Debug|x86.ActiveCfg = Debug|Any CPU
		{BA4121EA-D75A-4FC3-B3A4-D8554D10CC9E}.Debug|x86.Build.0 = Debug|Any CPU
		{BA4121EA-D75A-4FC3-B3A4-D8554D10CC9E}.Release|Any CPU.ActiveCfg = Release|Any CPU
		{BA4121EA-D75A-4FC3-B3A4-D8554D10CC9E}.Release|Any CPU.Build.0 = Release|Any CPU
		{BA4121EA-D75A-4FC3-B3A4-D8554D10CC9E}.Release|x64.ActiveCfg = Release|Any CPU
		{BA4121EA-D75A-4FC3-B3A4-D8554D10CC9E}.Release|x64.Build.0 = Release|Any CPU
		{BA4121EA-D75A-4FC3-B3A4-D8554D10CC9E}.Release|x86.ActiveCfg = Release|Any CPU
		{BA4121EA-D75A-4FC3-B3A4-D8554D10CC9E}.Release|x86.Build.0 = Release|Any CPU
		{F4AD3B29-65AA-44AB-8629-4B8EB488257B}.Debug|Any CPU.ActiveCfg = Debug|Any CPU
		{F4AD3B29-65AA-44AB-8629-4B8EB488257B}.Debug|Any CPU.Build.0 = Debug|Any CPU
		{F4AD3B29-65AA-44AB-8629-4B8EB488257B}.Debug|x64.ActiveCfg = Debug|Any CPU
		{F4AD3B29-65AA-44AB-8629-4B8EB488257B}.Debug|x64.Build.0 = Debug|Any CPU
		{F4AD3B29-65AA-44AB-8629-4B8EB488257B}.Debug|x86.ActiveCfg = Debug|Any CPU
		{F4AD3B29-65AA-44AB-8629-4B8EB488257B}.Debug|x86.Build.0 = Debug|Any CPU
		{F4AD3B29-65AA-44AB-8629-4B8EB488257B}.Release|Any CPU.ActiveCfg = Release|Any CPU
		{F4AD3B29-65AA-44AB-8629-4B8EB488257B}.Release|Any CPU.Build.0 = Release|Any CPU
		{F4AD3B29-65AA-44AB-8629-4B8EB488257B}.Release|x64.ActiveCfg = Release|Any CPU
		{F4AD3B29-65AA-44AB-8629-4B8EB488257B}.Release|x64.Build.0 = Release|Any CPU
		{F4AD3B29-65AA-44AB-8629-4B8EB488257B}.Release|x86.ActiveCfg = Release|Any CPU
		{F4AD3B29-65AA-44AB-8629-4B8EB488257B}.Release|x86.Build.0 = Release|Any CPU
	EndGlobalSection
	GlobalSection(SolutionProperties) = preSolution
		HideSolutionNode = FALSE
	EndGlobalSection
	GlobalSection(ExtensibilityGlobals) = postSolution
		SolutionGuid = {FE601C44-1EF8-43AB-B9E8-FCF3E3458A3F}
	EndGlobalSection
EndGlobal
